# THIS IS AN AUTOGENERATED FILE. DO NOT EDIT THIS FILE DIRECTLY.
# yarn lockfile v1


react-native-skylark@^1.0.0:
  version "1.0.0"
  resolved "https://registry.yarnpkg.com/react-native-skylark/-/react-native-skylark-1.0.0.tgz#6d3aaf47505b5077a4f6afce2b2e844e283d56b6"
  integrity sha512-RVe9VBfIU2YD3vLKSnYJWlzjU3NbPoW24RcMPAX4DyIRxdS9yknwPHRWYRXCPfKg5Al3JQXnh8GJd2mDfr4Ntw==
